
Microsoft Visual Studio Solution File, Format Version 12.00
# Visual Studio Version 17
VisualStudioVersion = 17.7.34018.315
MinimumVisualStudioVersion = 10.0.40219.1
Project("{9A19103F-16F7-4668-BE54-9A1E7A4F7556}") = "CG.DVDCentral.BL.Models", "CG.DVDCentral.BL.Models\CG.DVDCentral.BL.Models.csproj", "{0C63F271-49FB-49D2-96AA-D62AD4316673}"
EndProject
Project("{00D1A9C2-B5F0-4AF3-8072-F6C62B433612}") = "CG.DVDCentral.DB", "CG.DVDCentral.DB\CG.DVDCentral.DB.sqlproj", "{BCD6D625-2E04-455A-8FAA-97E684CEF52D}"
EndProject
Project("{9A19103F-16F7-4668-BE54-9A1E7A4F7556}") = "CG.DVDCentral.PL", "CG.DVDCentral.PL\CG.DVDCentral.PL.csproj", "{ABBC017A-453C-4484-9A5F-D2172220E11E}"
EndProject
Project("{9A19103F-16F7-4668-BE54-9A1E7A4F7556}") = "CG.DVDCentral.PL.Test", "CG.DVDCentral.PL.Test\CG.DVDCentral.PL.Test.csproj", "{3E2C0274-673A-49D2-9A89-9CC5BD5E9025}"
EndProject
Project("{9A19103F-16F7-4668-BE54-9A1E7A4F7556}") = "CG.DVDCentral.BL", "CG.DVDCentral.BL\CG.DVDCentral.BL.csproj", "{D9FE743C-8C1F-4539-8DDB-FCADCCCC60A1}"
EndProject
Project("{9A19103F-16F7-4668-BE54-9A1E7A4F7556}") = "CG.DVDCentral.BL.Test", "CG.DVDCentral.BL.Test\CG.DVDCentral.BL.Test.csproj", "{3369C587-CB04-4C0C-AE6C-10673285E89B}"
EndProject
Project("{9A19103F-16F7-4668-BE54-9A1E7A4F7556}") = "CG.DVDCentral.UI", "CG.DVDCentral.UI\CG.DVDCentral.UI.csproj", "{C97801A3-5A68-4143-9EBA-97A3F5A71C75}"
EndProject
Project("{2150E333-8FDC-42A3-9474-1A3956D46DE8}") = "Solution Items", "Solution Items", "{041E0E1E-5540-44ED-BB19-04CE7C12F3F5}"
	ProjectSection(SolutionItems) = preProject
		TextFile1.txt = TextFile1.txt
	EndProjectSection
EndProject
Project("{9A19103F-16F7-4668-BE54-9A1E7A4F7556}") = "CG.DVDCentral.UI.Test", "CG.DVDCentral.UI.Test\CG.DVDCentral.UI.Test.csproj", "{591FB95B-BAF3-4988-882B-D182DA9801F6}"
EndProject
Project("{9A19103F-16F7-4668-BE54-9A1E7A4F7556}") = "CG.DVDCentral.PL2", "CG.DVDCentral.PL2\CG.DVDCentral.PL2.csproj", "{7B54E064-39E2-407D-8291-726A624AD109}"
EndProject
Project("{9A19103F-16F7-4668-BE54-9A1E7A4F7556}") = "CG.DVDCentra.MigrationHandler", "CG.DVDCentra.MigrationHandler\CG.DVDCentra.MigrationHandler.csproj", "{DC9B2307-E9D7-40AB-94DC-6D531E5F0A08}"
EndProject
Project("{9A19103F-16F7-4668-BE54-9A1E7A4F7556}") = "CG.DVDCentral.WPFUI", "CG.DVDCentral.WPFUI\CG.DVDCentral.WPFUI.csproj", "{340373D0-FBDB-4AC1-944B-FEC3E92C13EE}"
EndProject
Project("{9A19103F-16F7-4668-BE54-9A1E7A4F7556}") = "CG.DVDCentral.ConsoleApp", "CG.DVDCentral.ConsoleApp\CG.DVDCentral.ConsoleApp.csproj", "{E7215FED-E4D8-4666-9E76-13BB8F044C88}"
EndProject
Project("{9A19103F-16F7-4668-BE54-9A1E7A4F7556}") = "CG.DVDCentral.API", "CG.DVDCentral.API\CG.DVDCentral.API.csproj", "{99201ECF-C47A-41CB-9701-87949EE29CBD}"
EndProject
Project("{9A19103F-16F7-4668-BE54-9A1E7A4F7556}") = "CG.DVDCentral.API.Test", "CG.DVDCentral.API.Test\CG.DVDCentral.API.Test.csproj", "{7BFC9511-B353-4481-9627-427DCC1EC592}"
EndProject
Project("{9A19103F-16F7-4668-BE54-9A1E7A4F7556}") = "BDF.Bingo.UI", "BDF.Bingo.UI\BDF.Bingo.UI.csproj", "{775FA4FD-6680-423A-95E1-996724ED4071}"
EndProject
Project("{9A19103F-16F7-4668-BE54-9A1E7A4F7556}") = "CG.WebApp.UI", "CG.WebApp.UI\CG.WebApp.UI.csproj", "{8D9958D6-58F0-4666-A879-940FD684105E}"
EndProject
Project("{FAE04EC0-301F-11D3-BF4B-00C04F79EFBC}") = "CG.Utility", "CG.Utility\CG.Utility.csproj", "{93191590-67CB-46D0-811C-981B87DA86B1}"
EndProject
Global
	GlobalSection(SolutionConfigurationPlatforms) = preSolution
		Debug|Any CPU = Debug|Any CPU
		Release|Any CPU = Release|Any CPU
	EndGlobalSection
	GlobalSection(ProjectConfigurationPlatforms) = postSolution
		{0C63F271-49FB-49D2-96AA-D62AD4316673}.Debug|Any CPU.ActiveCfg = Debug|Any CPU
		{0C63F271-49FB-49D2-96AA-D62AD4316673}.Debug|Any CPU.Build.0 = Debug|Any CPU
		{0C63F271-49FB-49D2-96AA-D62AD4316673}.Release|Any CPU.ActiveCfg = Release|Any CPU
		{0C63F271-49FB-49D2-96AA-D62AD4316673}.Release|Any CPU.Build.0 = Release|Any CPU
		{BCD6D625-2E04-455A-8FAA-97E684CEF52D}.Debug|Any CPU.ActiveCfg = Debug|Any CPU
		{BCD6D625-2E04-455A-8FAA-97E684CEF52D}.Debug|Any CPU.Build.0 = Debug|Any CPU
		{BCD6D625-2E04-455A-8FAA-97E684CEF52D}.Debug|Any CPU.Deploy.0 = Debug|Any CPU
		{BCD6D625-2E04-455A-8FAA-97E684CEF52D}.Release|Any CPU.ActiveCfg = Release|Any CPU
		{BCD6D625-2E04-455A-8FAA-97E684CEF52D}.Release|Any CPU.Build.0 = Release|Any CPU
		{BCD6D625-2E04-455A-8FAA-97E684CEF52D}.Release|Any CPU.Deploy.0 = Release|Any CPU
		{ABBC017A-453C-4484-9A5F-D2172220E11E}.Debug|Any CPU.ActiveCfg = Debug|Any CPU
		{ABBC017A-453C-4484-9A5F-D2172220E11E}.Debug|Any CPU.Build.0 = Debug|Any CPU
		{ABBC017A-453C-4484-9A5F-D2172220E11E}.Release|Any CPU.ActiveCfg = Release|Any CPU
		{ABBC017A-453C-4484-9A5F-D2172220E11E}.Release|Any CPU.Build.0 = Release|Any CPU
		{3E2C0274-673A-49D2-9A89-9CC5BD5E9025}.Debug|Any CPU.ActiveCfg = Debug|Any CPU
		{3E2C0274-673A-49D2-9A89-9CC5BD5E9025}.Debug|Any CPU.Build.0 = Debug|Any CPU
		{3E2C0274-673A-49D2-9A89-9CC5BD5E9025}.Release|Any CPU.ActiveCfg = Release|Any CPU
		{3E2C0274-673A-49D2-9A89-9CC5BD5E9025}.Release|Any CPU.Build.0 = Release|Any CPU
		{D9FE743C-8C1F-4539-8DDB-FCADCCCC60A1}.Debug|Any CPU.ActiveCfg = Debug|Any CPU
		{D9FE743C-8C1F-4539-8DDB-FCADCCCC60A1}.Debug|Any CPU.Build.0 = Debug|Any CPU
		{D9FE743C-8C1F-4539-8DDB-FCADCCCC60A1}.Release|Any CPU.ActiveCfg = Release|Any CPU
		{D9FE743C-8C1F-4539-8DDB-FCADCCCC60A1}.Release|Any CPU.Build.0 = Release|Any CPU
		{3369C587-CB04-4C0C-AE6C-10673285E89B}.Debug|Any CPU.ActiveCfg = Debug|Any CPU
		{3369C587-CB04-4C0C-AE6C-10673285E89B}.Debug|Any CPU.Build.0 = Debug|Any CPU
		{3369C587-CB04-4C0C-AE6C-10673285E89B}.Release|Any CPU.ActiveCfg = Release|Any CPU
		{3369C587-CB04-4C0C-AE6C-10673285E89B}.Release|Any CPU.Build.0 = Release|Any CPU
		{C97801A3-5A68-4143-9EBA-97A3F5A71C75}.Debug|Any CPU.ActiveCfg = Debug|Any CPU
		{C97801A3-5A68-4143-9EBA-97A3F5A71C75}.Release|Any CPU.ActiveCfg = Release|Any CPU
		{C97801A3-5A68-4143-9EBA-97A3F5A71C75}.Release|Any CPU.Build.0 = Release|Any CPU
		{591FB95B-BAF3-4988-882B-D182DA9801F6}.Debug|Any CPU.ActiveCfg = Debug|Any CPU
		{591FB95B-BAF3-4988-882B-D182DA9801F6}.Release|Any CPU.ActiveCfg = Release|Any CPU
		{591FB95B-BAF3-4988-882B-D182DA9801F6}.Release|Any CPU.Build.0 = Release|Any CPU
		{7B54E064-39E2-407D-8291-726A624AD109}.Debug|Any CPU.ActiveCfg = Debug|Any CPU
		{7B54E064-39E2-407D-8291-726A624AD109}.Debug|Any CPU.Build.0 = Debug|Any CPU
		{7B54E064-39E2-407D-8291-726A624AD109}.Release|Any CPU.ActiveCfg = Release|Any CPU
		{7B54E064-39E2-407D-8291-726A624AD109}.Release|Any CPU.Build.0 = Release|Any CPU
		{DC9B2307-E9D7-40AB-94DC-6D531E5F0A08}.Debug|Any CPU.ActiveCfg = Debug|Any CPU
		{DC9B2307-E9D7-40AB-94DC-6D531E5F0A08}.Debug|Any CPU.Build.0 = Debug|Any CPU
		{DC9B2307-E9D7-40AB-94DC-6D531E5F0A08}.Release|Any CPU.ActiveCfg = Release|Any CPU
		{DC9B2307-E9D7-40AB-94DC-6D531E5F0A08}.Release|Any CPU.Build.0 = Release|Any CPU
		{340373D0-FBDB-4AC1-944B-FEC3E92C13EE}.Debug|Any CPU.ActiveCfg = Debug|Any CPU
		{340373D0-FBDB-4AC1-944B-FEC3E92C13EE}.Debug|Any CPU.Build.0 = Debug|Any CPU
		{340373D0-FBDB-4AC1-944B-FEC3E92C13EE}.Release|Any CPU.ActiveCfg = Release|Any CPU
		{340373D0-FBDB-4AC1-944B-FEC3E92C13EE}.Release|Any CPU.Build.0 = Release|Any CPU
		{E7215FED-E4D8-4666-9E76-13BB8F044C88}.Debug|Any CPU.ActiveCfg = Debug|Any CPU
		{E7215FED-E4D8-4666-9E76-13BB8F044C88}.Debug|Any CPU.Build.0 = Debug|Any CPU
		{E7215FED-E4D8-4666-9E76-13BB8F044C88}.Release|Any CPU.ActiveCfg = Release|Any CPU
		{E7215FED-E4D8-4666-9E76-13BB8F044C88}.Release|Any CPU.Build.0 = Release|Any CPU
		{99201ECF-C47A-41CB-9701-87949EE29CBD}.Debug|Any CPU.ActiveCfg = Debug|Any CPU
		{99201ECF-C47A-41CB-9701-87949EE29CBD}.Debug|Any CPU.Build.0 = Debug|Any CPU
		{99201ECF-C47A-41CB-9701-87949EE29CBD}.Release|Any CPU.ActiveCfg = Release|Any CPU
		{99201ECF-C47A-41CB-9701-87949EE29CBD}.Release|Any CPU.Build.0 = Release|Any CPU
		{7BFC9511-B353-4481-9627-427DCC1EC592}.Debug|Any CPU.ActiveCfg = Debug|Any CPU
		{7BFC9511-B353-4481-9627-427DCC1EC592}.Debug|Any CPU.Build.0 = Debug|Any CPU
		{7BFC9511-B353-4481-9627-427DCC1EC592}.Release|Any CPU.ActiveCfg = Release|Any CPU
		{7BFC9511-B353-4481-9627-427DCC1EC592}.Release|Any CPU.Build.0 = Release|Any CPU
		{775FA4FD-6680-423A-95E1-996724ED4071}.Debug|Any CPU.ActiveCfg = Debug|Any CPU
		{775FA4FD-6680-423A-95E1-996724ED4071}.Debug|Any CPU.Build.0 = Debug|Any CPU
		{775FA4FD-6680-423A-95E1-996724ED4071}.Release|Any CPU.ActiveCfg = Release|Any CPU
		{775FA4FD-6680-423A-95E1-996724ED4071}.Release|Any CPU.Build.0 = Release|Any CPU
		{8D9958D6-58F0-4666-A879-940FD684105E}.Debug|Any CPU.ActiveCfg = Debug|Any CPU
		{8D9958D6-58F0-4666-A879-940FD684105E}.Debug|Any CPU.Build.0 = Debug|Any CPU
		{8D9958D6-58F0-4666-A879-940FD684105E}.Release|Any CPU.ActiveCfg = Release|Any CPU
		{8D9958D6-58F0-4666-A879-940FD684105E}.Release|Any CPU.Build.0 = Release|Any CPU
		{93191590-67CB-46D0-811C-981B87DA86B1}.Debug|Any CPU.ActiveCfg = Debug|Any CPU
		{93191590-67CB-46D0-811C-981B87DA86B1}.Debug|Any CPU.Build.0 = Debug|Any CPU
		{93191590-67CB-46D0-811C-981B87DA86B1}.Release|Any CPU.ActiveCfg = Release|Any CPU
		{93191590-67CB-46D0-811C-981B87DA86B1}.Release|Any CPU.Build.0 = Release|Any CPU
	EndGlobalSection
	GlobalSection(SolutionProperties) = preSolution
		HideSolutionNode = FALSE
	EndGlobalSection
	GlobalSection(ExtensibilityGlobals) = postSolution
		SolutionGuid = {96F70A40-DCF6-44DC-B9F3-F2967529581F}
	EndGlobalSection
EndGlobal
